
Microsoft Visual Studio Solution File, Format Version 12.00
# Visual Studio Version 16
VisualStudioVersion = 16.0.31112.23
MinimumVisualStudioVersion = 10.0.40219.1
Project("{FAE04EC0-301F-11D3-BF4B-00C04F79EFBC}") = "Parmenion.UI", "Parmenion.UI\Parmenion.UI.csproj", "{F64D25A2-8712-4083-BB1E-20FDD72F6FAE}"
EndProject
Project("{FAE04EC0-301F-11D3-BF4B-00C04F79EFBC}") = "Parmenion.Services", "Parmenion.Services\Parmenion.Services.csproj", "{18CDE6BB-0010-4577-863D-9E30330EDC32}"
EndProject
Global
	GlobalSection(SolutionConfigurationPlatforms) = preSolution
		Debug|Any CPU = Debug|Any CPU
		Release|Any CPU = Release|Any CPU
	EndGlobalSection
	GlobalSection(ProjectConfigurationPlatforms) = postSolution
		{F64D25A2-8712-4083-BB1E-20FDD72F6FAE}.Debug|Any CPU.ActiveCfg = Debug|Any CPU
		{F64D25A2-8712-4083-BB1E-20FDD72F6FAE}.Debug|Any CPU.Build.0 = Debug|Any CPU
		{F64D25A2-8712-4083-BB1E-20FDD72F6FAE}.Release|Any CPU.ActiveCfg = Release|Any CPU
		{F64D25A2-8712-4083-BB1E-20FDD72F6FAE}.Release|Any CPU.Build.0 = Release|Any CPU
		{18CDE6BB-0010-4577-863D-9E30330EDC32}.Debug|Any CPU.ActiveCfg = Debug|Any CPU
		{18CDE6BB-0010-4577-863D-9E30330EDC32}.Debug|Any CPU.Build.0 = Debug|Any CPU
		{18CDE6BB-0010-4577-863D-9E30330EDC32}.Release|Any CPU.ActiveCfg = Release|Any CPU
		{18CDE6BB-0010-4577-863D-9E30330EDC32}.Release|Any CPU.Build.0 = Release|Any CPU
	EndGlobalSection
	GlobalSection(SolutionProperties) = preSolution
		HideSolutionNode = FALSE
	EndGlobalSection
	GlobalSection(ExtensibilityGlobals) = postSolution
		SolutionGuid = {30DC6E5E-9863-46C9-9072-7B6C1D41BA55}
	EndGlobalSection
EndGlobal
